
Microsoft Visual Studio Solution File, Format Version 12.00
# Visual Studio Version 17
VisualStudioVersion = 17.4.33103.184
MinimumVisualStudioVersion = 10.0.40219.1
Project("{FAE04EC0-301F-11D3-BF4B-00C04F79EFBC}") = "Authentication.API", "Services\Authentication\Authentication.API\Authentication.API.csproj", "{D9E162B9-4A74-4186-825A-A70412B9F705}"
EndProject
Project("{FAE04EC0-301F-11D3-BF4B-00C04F79EFBC}") = "Identity.API", "Services\Identity\Identity.API\Identity.API.csproj", "{E862CAB7-DA44-45F0-9B0E-316313FB9AD7}"
EndProject
Project("{FAE04EC0-301F-11D3-BF4B-00C04F79EFBC}") = "Library.API", "Services\Library\Library.API\Library.API.csproj", "{5BA61A30-A17C-4B78-9A0B-41686817982D}"
EndProject
Project("{FAE04EC0-301F-11D3-BF4B-00C04F79EFBC}") = "Payment.API", "Services\Payment\Payment.API\Payment.API.csproj", "{CC8A7E09-9F2C-42EC-AACD-E6A26EED9730}"
EndProject
Project("{FAE04EC0-301F-11D3-BF4B-00C04F79EFBC}") = "UserData.API", "Services\UserData\UserData.API\UserData.API.csproj", "{7B1FBB9F-0FDD-4CD6-9E56-35DC57947163}"
EndProject
Global
	GlobalSection(SolutionConfigurationPlatforms) = preSolution
		Debug|Any CPU = Debug|Any CPU
		Release|Any CPU = Release|Any CPU
	EndGlobalSection
	GlobalSection(ProjectConfigurationPlatforms) = postSolution
		{D9E162B9-4A74-4186-825A-A70412B9F705}.Debug|Any CPU.ActiveCfg = Debug|Any CPU
		{D9E162B9-4A74-4186-825A-A70412B9F705}.Debug|Any CPU.Build.0 = Debug|Any CPU
		{D9E162B9-4A74-4186-825A-A70412B9F705}.Release|Any CPU.ActiveCfg = Release|Any CPU
		{D9E162B9-4A74-4186-825A-A70412B9F705}.Release|Any CPU.Build.0 = Release|Any CPU
		{E862CAB7-DA44-45F0-9B0E-316313FB9AD7}.Debug|Any CPU.ActiveCfg = Debug|Any CPU
		{E862CAB7-DA44-45F0-9B0E-316313FB9AD7}.Debug|Any CPU.Build.0 = Debug|Any CPU
		{E862CAB7-DA44-45F0-9B0E-316313FB9AD7}.Release|Any CPU.ActiveCfg = Release|Any CPU
		{E862CAB7-DA44-45F0-9B0E-316313FB9AD7}.Release|Any CPU.Build.0 = Release|Any CPU
		{5BA61A30-A17C-4B78-9A0B-41686817982D}.Debug|Any CPU.ActiveCfg = Debug|Any CPU
		{5BA61A30-A17C-4B78-9A0B-41686817982D}.Debug|Any CPU.Build.0 = Debug|Any CPU
		{5BA61A30-A17C-4B78-9A0B-41686817982D}.Release|Any CPU.ActiveCfg = Release|Any CPU
		{5BA61A30-A17C-4B78-9A0B-41686817982D}.Release|Any CPU.Build.0 = Release|Any CPU
		{CC8A7E09-9F2C-42EC-AACD-E6A26EED9730}.Debug|Any CPU.ActiveCfg = Debug|Any CPU
		{CC8A7E09-9F2C-42EC-AACD-E6A26EED9730}.Debug|Any CPU.Build.0 = Debug|Any CPU
		{CC8A7E09-9F2C-42EC-AACD-E6A26EED9730}.Release|Any CPU.ActiveCfg = Release|Any CPU
		{CC8A7E09-9F2C-42EC-AACD-E6A26EED9730}.Release|Any CPU.Build.0 = Release|Any CPU
		{7B1FBB9F-0FDD-4CD6-9E56-35DC57947163}.Debug|Any CPU.ActiveCfg = Debug|Any CPU
		{7B1FBB9F-0FDD-4CD6-9E56-35DC57947163}.Debug|Any CPU.Build.0 = Debug|Any CPU
		{7B1FBB9F-0FDD-4CD6-9E56-35DC57947163}.Release|Any CPU.ActiveCfg = Release|Any CPU
		{7B1FBB9F-0FDD-4CD6-9E56-35DC57947163}.Release|Any CPU.Build.0 = Release|Any CPU
	EndGlobalSection
	GlobalSection(SolutionProperties) = preSolution
		HideSolutionNode = FALSE
	EndGlobalSection
	GlobalSection(ExtensibilityGlobals) = postSolution
		SolutionGuid = {9DFCBA13-9591-4433-B5E7-A7E0BA5A1D3E}
	EndGlobalSection
EndGlobal
